
Microsoft Visual Studio Solution File, Format Version 12.00
# Visual Studio 15
VisualStudioVersion = 15.0.28010.2003
MinimumVisualStudioVersion = 10.0.40219.1
Project("{FAE04EC0-301F-11D3-BF4B-00C04F79EFBC}") = "SimonsBankApp", "SimonsBankApp\SimonsBankApp.csproj", "{F3AA224E-A163-4114-A16B-5C0F5E7F36A3}"
EndProject
Project("{FAE04EC0-301F-11D3-BF4B-00C04F79EFBC}") = "UnitTest", "UnitTest\UnitTest.csproj", "{CE3190A5-0F72-4466-B66B-BC32F09A36AD}"
EndProject
Global
	GlobalSection(SolutionConfigurationPlatforms) = preSolution
		Debug|Any CPU = Debug|Any CPU
		Release|Any CPU = Release|Any CPU
	EndGlobalSection
	GlobalSection(ProjectConfigurationPlatforms) = postSolution
		{F3AA224E-A163-4114-A16B-5C0F5E7F36A3}.Debug|Any CPU.ActiveCfg = Debug|Any CPU
		{F3AA224E-A163-4114-A16B-5C0F5E7F36A3}.Debug|Any CPU.Build.0 = Debug|Any CPU
		{F3AA224E-A163-4114-A16B-5C0F5E7F36A3}.Release|Any CPU.ActiveCfg = Release|Any CPU
		{F3AA224E-A163-4114-A16B-5C0F5E7F36A3}.Release|Any CPU.Build.0 = Release|Any CPU
		{CE3190A5-0F72-4466-B66B-BC32F09A36AD}.Debug|Any CPU.ActiveCfg = Debug|Any CPU
		{CE3190A5-0F72-4466-B66B-BC32F09A36AD}.Debug|Any CPU.Build.0 = Debug|Any CPU
		{CE3190A5-0F72-4466-B66B-BC32F09A36AD}.Release|Any CPU.ActiveCfg = Release|Any CPU
		{CE3190A5-0F72-4466-B66B-BC32F09A36AD}.Release|Any CPU.Build.0 = Release|Any CPU
	EndGlobalSection
	GlobalSection(SolutionProperties) = preSolution
		HideSolutionNode = FALSE
	EndGlobalSection
	GlobalSection(ExtensibilityGlobals) = postSolution
		SolutionGuid = {82AF86F8-32B5-421A-86DD-B0194386A471}
	EndGlobalSection
EndGlobal
